// !$*UTF8*$!
{
	archiveVersion = 1;
	classes = {
	};
	objectVersion = 52;
	objects = {

/* Begin PBXBuildFile section */
		85B8CD4E8A78A2F6FA4D8952 /* Pods_MyCar.framework in Frameworks */ = {isa = PBXBuildFile; fileRef = EB6C6F95B95AB351EB58492D /* Pods_MyCar.framework */; };
		FA0846162587E4610073E7AF /* SnapKit in Frameworks */ = {isa = PBXBuildFile; productRef = FA0846152587E4610073E7AF /* SnapKit */; };
		FA084619258887500073E7AF /* CustomGesture.swift in Sources */ = {isa = PBXBuildFile; fileRef = FA084618258887500073E7AF /* CustomGesture.swift */; };
		FA08461C2588A6CC0073E7AF /* car-wash.png in Resources */ = {isa = PBXBuildFile; fileRef = FA08461B2588A6CC0073E7AF /* car-wash.png */; };
		FA0846202588A7150073E7AF /* CarWashViewController.swift in Sources */ = {isa = PBXBuildFile; fileRef = FA08461F2588A7150073E7AF /* CarWashViewController.swift */; };
		FA38FBCC25827B4A00749112 /* TestViewController.swift in Sources */ = {isa = PBXBuildFile; fileRef = FA38FBCB25827B4A00749112 /* TestViewController.swift */; };
		FA3F8BB125527D27006F833A /* Utilities.swift in Sources */ = {isa = PBXBuildFile; fileRef = FA3F8BB025527D27006F833A /* Utilities.swift */; };
		FA3F8BB525527D3A006F833A /* home.jpg in Resources */ = {isa = PBXBuildFile; fileRef = FA3F8BB225527D39006F833A /* home.jpg */; };
		FA3F8BB625527D3A006F833A /* loginWalper.jpg in Resources */ = {isa = PBXBuildFile; fileRef = FA3F8BB325527D3A006F833A /* loginWalper.jpg */; };
		FA3F8BB725527D3A006F833A /* Preview.mp4 in Resources */ = {isa = PBXBuildFile; fileRef = FA3F8BB425527D3A006F833A /* Preview.mp4 */; };
		FA3F8BBD25527D60006F833A /* LoginViewController.swift in Sources */ = {isa = PBXBuildFile; fileRef = FA3F8BB925527D60006F833A /* LoginViewController.swift */; };
		FA3F8BBE25527D60006F833A /* RootTabBarController.swift in Sources */ = {isa = PBXBuildFile; fileRef = FA3F8BBA25527D60006F833A /* RootTabBarController.swift */; };
		FA3F8BBF25527D60006F833A /* StartUpViewController.swift in Sources */ = {isa = PBXBuildFile; fileRef = FA3F8BBB25527D60006F833A /* StartUpViewController.swift */; };
		FA3F8BC025527D60006F833A /* SignUpViewController.swift in Sources */ = {isa = PBXBuildFile; fileRef = FA3F8BBC25527D60006F833A /* SignUpViewController.swift */; };
		FA3F8BC225527EA7006F833A /* GoogleService-Info.plist in Resources */ = {isa = PBXBuildFile; fileRef = FA3F8BC125527EA7006F833A /* GoogleService-Info.plist */; };
		FA5B868F256CFEBD00FFEC14 /* HomeViewController.swift in Sources */ = {isa = PBXBuildFile; fileRef = FA5B868E256CFEBD00FFEC14 /* HomeViewController.swift */; };
		FA5B8699256D036500FFEC14 /* GasolineViewController.swift in Sources */ = {isa = PBXBuildFile; fileRef = FA5B8698256D036500FFEC14 /* GasolineViewController.swift */; };
		FA5B86B5256D316C00FFEC14 /* gasstation.jpg in Resources */ = {isa = PBXBuildFile; fileRef = FA5B86B4256D316C00FFEC14 /* gasstation.jpg */; };
		FA5B86B9256D33C500FFEC14 /* DatePicker.swift in Sources */ = {isa = PBXBuildFile; fileRef = FA5B86B8256D33C500FFEC14 /* DatePicker.swift */; };
		FA5B86E1256E38AF00FFEC14 /* CoreDataMyCar.xcdatamodeld in Sources */ = {isa = PBXBuildFile; fileRef = FA5B86DF256E38AF00FFEC14 /* CoreDataMyCar.xcdatamodeld */; };
		FA5FE1EF256F812E00DF1373 /* CalculationAverageRefueling.swift in Sources */ = {isa = PBXBuildFile; fileRef = FA5FE1EE256F812E00DF1373 /* CalculationAverageRefueling.swift */; };
		FA5FE1F2256FD81200DF1373 /* RefuelingViewController.swift in Sources */ = {isa = PBXBuildFile; fileRef = FA5FE1F1256FD81200DF1373 /* RefuelingViewController.swift */; };
		FA5FE1F5256FD89D00DF1373 /* Gas.jpg in Resources */ = {isa = PBXBuildFile; fileRef = FA5FE1F4256FD89D00DF1373 /* Gas.jpg */; };
		FA6DF3B2256E7B420007A9AC /* PersonInfoClass.swift in Sources */ = {isa = PBXBuildFile; fileRef = FA6DF3B1256E7B420007A9AC /* PersonInfoClass.swift */; };
		FAD26B8025701F30004000FC /* i.jpg in Resources */ = {isa = PBXBuildFile; fileRef = FAD26B7F25701F30004000FC /* i.jpg */; };
		FAD26B8325701FF1004000FC /* ScrollViewViewController.swift in Sources */ = {isa = PBXBuildFile; fileRef = FAD26B8225701FF1004000FC /* ScrollViewViewController.swift */; };
		FAD754EF25517BDA000CA1C6 /* AppDelegate.swift in Sources */ = {isa = PBXBuildFile; fileRef = FAD754EE25517BDA000CA1C6 /* AppDelegate.swift */; };
		FAD754F125517BDA000CA1C6 /* SceneDelegate.swift in Sources */ = {isa = PBXBuildFile; fileRef = FAD754F025517BDA000CA1C6 /* SceneDelegate.swift */; };
		FAD754F825517BDC000CA1C6 /* Assets.xcassets in Resources */ = {isa = PBXBuildFile; fileRef = FAD754F725517BDC000CA1C6 /* Assets.xcassets */; };
		FAD754FB25517BDC000CA1C6 /* LaunchScreen.storyboard in Resources */ = {isa = PBXBuildFile; fileRef = FAD754F925517BDC000CA1C6 /* LaunchScreen.storyboard */; };
		FADBAB4E257E8B32009415B9 /* CollectionViewController.swift in Sources */ = {isa = PBXBuildFile; fileRef = FADBAB4D257E8B32009415B9 /* CollectionViewController.swift */; };
		FADBAB8B257F5F78009415B9 /* Extensions.swift in Sources */ = {isa = PBXBuildFile; fileRef = FADBAB8A257F5F78009415B9 /* Extensions.swift */; };
		FADBAB8E257F72D8009415B9 /* CustomButton.swift in Sources */ = {isa = PBXBuildFile; fileRef = FADBAB8D257F72D8009415B9 /* CustomButton.swift */; };
		FADBABB8257F7C3B009415B9 /* FirebaseMethods.swift in Sources */ = {isa = PBXBuildFile; fileRef = FADBABB7257F7C3B009415B9 /* FirebaseMethods.swift */; };
		FADBABBE257FB057009415B9 /* CoreDataMethods.swift in Sources */ = {isa = PBXBuildFile; fileRef = FADBABBD257FB057009415B9 /* CoreDataMethods.swift */; };
		FADBABC2257FB918009415B9 /* CustomTextField.swift in Sources */ = {isa = PBXBuildFile; fileRef = FADBABC1257FB918009415B9 /* CustomTextField.swift */; };
		FADBABDA2580C7B4009415B9 /* PaddingLabel.swift in Sources */ = {isa = PBXBuildFile; fileRef = FADBABD92580C7B4009415B9 /* PaddingLabel.swift */; };
		FAF3FDA8257508D00085CC5D /* PetrolStationVisitListViewController.swift in Sources */ = {isa = PBXBuildFile; fileRef = FAF3FDA7257508D00085CC5D /* PetrolStationVisitListViewController.swift */; };
		FAF3FDB32577B0E30085CC5D /* homeIcon.png in Resources */ = {isa = PBXBuildFile; fileRef = FAF3FDB22577B0E30085CC5D /* homeIcon.png */; };
		FAF3FDB62577B0F50085CC5D /* fuelIcon.png in Resources */ = {isa = PBXBuildFile; fileRef = FAF3FDB52577B0F50085CC5D /* fuelIcon.png */; };
/* End PBXBuildFile section */

/* Begin PBXFileReference section */
		43929E32343741C30A68EBC9 /* Pods-MyCar.debug.xcconfig */ = {isa = PBXFileReference; includeInIndex = 1; lastKnownFileType = text.xcconfig; name = "Pods-MyCar.debug.xcconfig"; path = "Target Support Files/Pods-MyCar/Pods-MyCar.debug.xcconfig"; sourceTree = "<group>"; };
		EB6C6F95B95AB351EB58492D /* Pods_MyCar.framework */ = {isa = PBXFileReference; explicitFileType = wrapper.framework; includeInIndex = 0; path = Pods_MyCar.framework; sourceTree = BUILT_PRODUCTS_DIR; };
		F7291C5C057297DD63CF5CAA /* Pods-MyCar.release.xcconfig */ = {isa = PBXFileReference; includeInIndex = 1; lastKnownFileType = text.xcconfig; name = "Pods-MyCar.release.xcconfig"; path = "Target Support Files/Pods-MyCar/Pods-MyCar.release.xcconfig"; sourceTree = "<group>"; };
		FA084618258887500073E7AF /* CustomGesture.swift */ = {isa = PBXFileReference; lastKnownFileType = sourcecode.swift; path = CustomGesture.swift; sourceTree = "<group>"; };
		FA08461B2588A6CC0073E7AF /* car-wash.png */ = {isa = PBXFileReference; lastKnownFileType = image.png; path = "car-wash.png"; sourceTree = "<group>"; };
		FA08461F2588A7150073E7AF /* CarWashViewController.swift */ = {isa = PBXFileReference; lastKnownFileType = sourcecode.swift; path = CarWashViewController.swift; sourceTree = "<group>"; };
		FA38FBCB25827B4A00749112 /* TestViewController.swift */ = {isa = PBXFileReference; lastKnownFileType = sourcecode.swift; path = TestViewController.swift; sourceTree = "<group>"; };
		FA3F8BB025527D27006F833A /* Utilities.swift */ = {isa = PBXFileReference; fileEncoding = 4; lastKnownFileType = sourcecode.swift; path = Utilities.swift; sourceTree = "<group>"; };
		FA3F8BB225527D39006F833A /* home.jpg */ = {isa = PBXFileReference; lastKnownFileType = image.jpeg; path = home.jpg; sourceTree = "<group>"; };
		FA3F8BB325527D3A006F833A /* loginWalper.jpg */ = {isa = PBXFileReference; lastKnownFileType = image.jpeg; path = loginWalper.jpg; sourceTree = "<group>"; };
		FA3F8BB425527D3A006F833A /* Preview.mp4 */ = {isa = PBXFileReference; lastKnownFileType = file; path = Preview.mp4; sourceTree = "<group>"; };
		FA3F8BB925527D60006F833A /* LoginViewController.swift */ = {isa = PBXFileReference; fileEncoding = 4; lastKnownFileType = sourcecode.swift; path = LoginViewController.swift; sourceTree = "<group>"; };
		FA3F8BBA25527D60006F833A /* RootTabBarController.swift */ = {isa = PBXFileReference; fileEncoding = 4; lastKnownFileType = sourcecode.swift; path = RootTabBarController.swift; sourceTree = "<group>"; };
		FA3F8BBB25527D60006F833A /* StartUpViewController.swift */ = {isa = PBXFileReference; fileEncoding = 4; lastKnownFileType = sourcecode.swift; path = StartUpViewController.swift; sourceTree = "<group>"; };
		FA3F8BBC25527D60006F833A /* SignUpViewController.swift */ = {isa = PBXFileReference; fileEncoding = 4; lastKnownFileType = sourcecode.swift; path = SignUpViewController.swift; sourceTree = "<group>"; };
		FA3F8BC125527EA7006F833A /* GoogleService-Info.plist */ = {isa = PBXFileReference; fileEncoding = 4; lastKnownFileType = text.plist.xml; path = "GoogleService-Info.plist"; sourceTree = "<group>"; };
		FA5B868E256CFEBD00FFEC14 /* HomeViewController.swift */ = {isa = PBXFileReference; lastKnownFileType = sourcecode.swift; path = HomeViewController.swift; sourceTree = "<group>"; };
		FA5B8698256D036500FFEC14 /* GasolineViewController.swift */ = {isa = PBXFileReference; lastKnownFileType = sourcecode.swift; path = GasolineViewController.swift; sourceTree = "<group>"; };
		FA5B86B4256D316C00FFEC14 /* gasstation.jpg */ = {isa = PBXFileReference; lastKnownFileType = image.jpeg; path = gasstation.jpg; sourceTree = "<group>"; };
		FA5B86B8256D33C500FFEC14 /* DatePicker.swift */ = {isa = PBXFileReference; lastKnownFileType = sourcecode.swift; path = DatePicker.swift; sourceTree = "<group>"; };
		FA5B86E0256E38AF00FFEC14 /* CoreDataMyCar.xcdatamodel */ = {isa = PBXFileReference; lastKnownFileType = wrapper.xcdatamodel; path = CoreDataMyCar.xcdatamodel; sourceTree = "<group>"; };
		FA5FE1E6256EE13500DF1373 /* Refueling+CoreDataClass.swift */ = {isa = PBXFileReference; lastKnownFileType = sourcecode.swift; path = "Refueling+CoreDataClass.swift"; sourceTree = SOURCE_ROOT; };
		FA5FE1E7256EE13500DF1373 /* Refueling+CoreDataProperties.swift */ = {isa = PBXFileReference; lastKnownFileType = sourcecode.swift; path = "Refueling+CoreDataProperties.swift"; sourceTree = SOURCE_ROOT; };
		FA5FE1EE256F812E00DF1373 /* CalculationAverageRefueling.swift */ = {isa = PBXFileReference; lastKnownFileType = sourcecode.swift; path = CalculationAverageRefueling.swift; sourceTree = "<group>"; };
		FA5FE1F1256FD81200DF1373 /* RefuelingViewController.swift */ = {isa = PBXFileReference; lastKnownFileType = sourcecode.swift; path = RefuelingViewController.swift; sourceTree = "<group>"; };
		FA5FE1F4256FD89D00DF1373 /* Gas.jpg */ = {isa = PBXFileReference; lastKnownFileType = image.jpeg; path = Gas.jpg; sourceTree = "<group>"; };
		FA6DF3AA256E79D00007A9AC /* Users+CoreDataClass.swift */ = {isa = PBXFileReference; lastKnownFileType = sourcecode.swift; path = "Users+CoreDataClass.swift"; sourceTree = SOURCE_ROOT; };
		FA6DF3AB256E79D00007A9AC /* Users+CoreDataProperties.swift */ = {isa = PBXFileReference; lastKnownFileType = sourcecode.swift; path = "Users+CoreDataProperties.swift"; sourceTree = SOURCE_ROOT; };
		FA6DF3B1256E7B420007A9AC /* PersonInfoClass.swift */ = {isa = PBXFileReference; lastKnownFileType = sourcecode.swift; path = PersonInfoClass.swift; sourceTree = "<group>"; };
		FAD26B7F25701F30004000FC /* i.jpg */ = {isa = PBXFileReference; lastKnownFileType = image.jpeg; path = i.jpg; sourceTree = "<group>"; };
		FAD26B8225701FF1004000FC /* ScrollViewViewController.swift */ = {isa = PBXFileReference; lastKnownFileType = sourcecode.swift; path = ScrollViewViewController.swift; sourceTree = "<group>"; };
		FAD754EB25517BDA000CA1C6 /* MyCar.app */ = {isa = PBXFileReference; explicitFileType = wrapper.application; includeInIndex = 0; path = MyCar.app; sourceTree = BUILT_PRODUCTS_DIR; };
		FAD754EE25517BDA000CA1C6 /* AppDelegate.swift */ = {isa = PBXFileReference; lastKnownFileType = sourcecode.swift; path = AppDelegate.swift; sourceTree = "<group>"; };
		FAD754F025517BDA000CA1C6 /* SceneDelegate.swift */ = {isa = PBXFileReference; lastKnownFileType = sourcecode.swift; path = SceneDelegate.swift; sourceTree = "<group>"; };
		FAD754F725517BDC000CA1C6 /* Assets.xcassets */ = {isa = PBXFileReference; lastKnownFileType = folder.assetcatalog; path = Assets.xcassets; sourceTree = "<group>"; };
		FAD754FA25517BDC000CA1C6 /* Base */ = {isa = PBXFileReference; lastKnownFileType = file.storyboard; name = Base; path = Base.lproj/LaunchScreen.storyboard; sourceTree = "<group>"; };
		FAD754FC25517BDC000CA1C6 /* Info.plist */ = {isa = PBXFileReference; lastKnownFileType = text.plist.xml; path = Info.plist; sourceTree = "<group>"; };
		FADBAB4D257E8B32009415B9 /* CollectionViewController.swift */ = {isa = PBXFileReference; lastKnownFileType = sourcecode.swift; path = CollectionViewController.swift; sourceTree = "<group>"; };
		FADBAB8A257F5F78009415B9 /* Extensions.swift */ = {isa = PBXFileReference; lastKnownFileType = sourcecode.swift; path = Extensions.swift; sourceTree = "<group>"; };
		FADBAB8D257F72D8009415B9 /* CustomButton.swift */ = {isa = PBXFileReference; lastKnownFileType = sourcecode.swift; path = CustomButton.swift; sourceTree = "<group>"; };
		FADBABB7257F7C3B009415B9 /* FirebaseMethods.swift */ = {isa = PBXFileReference; lastKnownFileType = sourcecode.swift; path = FirebaseMethods.swift; sourceTree = "<group>"; };
		FADBABBD257FB057009415B9 /* CoreDataMethods.swift */ = {isa = PBXFileReference; lastKnownFileType = sourcecode.swift; path = CoreDataMethods.swift; sourceTree = "<group>"; };
		FADBABC1257FB918009415B9 /* CustomTextField.swift */ = {isa = PBXFileReference; lastKnownFileType = sourcecode.swift; path = CustomTextField.swift; sourceTree = "<group>"; };
		FADBABD92580C7B4009415B9 /* PaddingLabel.swift */ = {isa = PBXFileReference; lastKnownFileType = sourcecode.swift; path = PaddingLabel.swift; sourceTree = "<group>"; };
		FAF3FDA7257508D00085CC5D /* PetrolStationVisitListViewController.swift */ = {isa = PBXFileReference; lastKnownFileType = sourcecode.swift; path = PetrolStationVisitListViewController.swift; sourceTree = "<group>"; };
		FAF3FDB22577B0E30085CC5D /* homeIcon.png */ = {isa = PBXFileReference; lastKnownFileType = image.png; path = homeIcon.png; sourceTree = "<group>"; };
		FAF3FDB52577B0F50085CC5D /* fuelIcon.png */ = {isa = PBXFileReference; lastKnownFileType = image.png; path = fuelIcon.png; sourceTree = "<group>"; };
/* End PBXFileReference section */

/* Begin PBXFrameworksBuildPhase section */
		FAD754E825517BDA000CA1C6 /* Frameworks */ = {
			isa = PBXFrameworksBuildPhase;
			buildActionMask = 2147483647;
			files = (
				85B8CD4E8A78A2F6FA4D8952 /* Pods_MyCar.framework in Frameworks */,
				FA0846162587E4610073E7AF /* SnapKit in Frameworks */,
			);
			runOnlyForDeploymentPostprocessing = 0;
		};
/* End PBXFrameworksBuildPhase section */

/* Begin PBXGroup section */
		7E0C2571CB7FF6E050161D9D /* Frameworks */ = {
			isa = PBXGroup;
			children = (
				EB6C6F95B95AB351EB58492D /* Pods_MyCar.framework */,
			);
			name = Frameworks;
			sourceTree = "<group>";
		};
		BEBD970AC5033C56689216BB /* Pods */ = {
			isa = PBXGroup;
			children = (
				43929E32343741C30A68EBC9 /* Pods-MyCar.debug.xcconfig */,
				F7291C5C057297DD63CF5CAA /* Pods-MyCar.release.xcconfig */,
			);
			path = Pods;
			sourceTree = "<group>";
		};
		FA08461E2588A6D30073E7AF /* CarWashViewControllers */ = {
			isa = PBXGroup;
			children = (
				FA08461F2588A7150073E7AF /* CarWashViewController.swift */,
			);
			path = CarWashViewControllers;
			sourceTree = "<group>";
		};
		FA3F8BAE25527CF7006F833A /* Helpers */ = {
			isa = PBXGroup;
			children = (
				FADBABBC257FB03F009415B9 /* CoreDataMethods */,
				FADBABB6257F7C1B009415B9 /* Firebase */,
				FA3F8BB025527D27006F833A /* Utilities.swift */,
				FA5B86B8256D33C500FFEC14 /* DatePicker.swift */,
				FADBAB8A257F5F78009415B9 /* Extensions.swift */,
				FADBAB8D257F72D8009415B9 /* CustomButton.swift */,
				FADBABC1257FB918009415B9 /* CustomTextField.swift */,
				FADBABD92580C7B4009415B9 /* PaddingLabel.swift */,
				FA6DF3B1256E7B420007A9AC /* PersonInfoClass.swift */,
				FA5FE1EE256F812E00DF1373 /* CalculationAverageRefueling.swift */,
				FA084618258887500073E7AF /* CustomGesture.swift */,
			);
			path = Helpers;
			sourceTree = "<group>";
		};
		FA3F8BAF25527D01006F833A /* Media */ = {
			isa = PBXGroup;
			children = (
				FA08461B2588A6CC0073E7AF /* car-wash.png */,
				FAD26B7F25701F30004000FC /* i.jpg */,
				FA5FE1F4256FD89D00DF1373 /* Gas.jpg */,
				FA5B86B4256D316C00FFEC14 /* gasstation.jpg */,
				FAF3FDB52577B0F50085CC5D /* fuelIcon.png */,
				FA3F8BB225527D39006F833A /* home.jpg */,
				FAF3FDB22577B0E30085CC5D /* homeIcon.png */,
				FA3F8BB325527D3A006F833A /* loginWalper.jpg */,
				FA3F8BB425527D3A006F833A /* Preview.mp4 */,
			);
			path = Media;
			sourceTree = "<group>";
		};
		FA3F8BB825527D44006F833A /* ViewControllers */ = {
			isa = PBXGroup;
			children = (
				FADBAB7F257F4B84009415B9 /* StartUpViewControllers */,
				FADBAB80257F4BA2009415B9 /* LoginViewControllers */,
				FADBAB81257F4BC4009415B9 /* SignUpViewControllers */,
				FADBAB83257F4C05009415B9 /* MainTabBarViewController+NavigationsControllers */,
				FA38FBCB25827B4A00749112 /* TestViewController.swift */,
			);
			path = ViewControllers;
			sourceTree = "<group>";
		};
		FA6DF357256E70E20007A9AC /* CoreDataClasses */ = {
			isa = PBXGroup;
			children = (
				FA5FE1E6256EE13500DF1373 /* Refueling+CoreDataClass.swift */,
				FA5FE1E7256EE13500DF1373 /* Refueling+CoreDataProperties.swift */,
				FA6DF3AA256E79D00007A9AC /* Users+CoreDataClass.swift */,
				FA6DF3AB256E79D00007A9AC /* Users+CoreDataProperties.swift */,
			);
			path = CoreDataClasses;
			sourceTree = "<group>";
		};
		FAD754E225517BDA000CA1C6 = {
			isa = PBXGroup;
			children = (
				FAD754ED25517BDA000CA1C6 /* MyCar */,
				FAD754EC25517BDA000CA1C6 /* Products */,
				BEBD970AC5033C56689216BB /* Pods */,
				7E0C2571CB7FF6E050161D9D /* Frameworks */,
			);
			sourceTree = "<group>";
		};
		FAD754EC25517BDA000CA1C6 /* Products */ = {
			isa = PBXGroup;
			children = (
				FAD754EB25517BDA000CA1C6 /* MyCar.app */,
			);
			name = Products;
			sourceTree = "<group>";
		};
		FAD754ED25517BDA000CA1C6 /* MyCar */ = {
			isa = PBXGroup;
			children = (
				FAD754FC25517BDC000CA1C6 /* Info.plist */,
				FADBAB52257F49DE009415B9 /* System */,
				FA6DF357256E70E20007A9AC /* CoreDataClasses */,
				FA3F8BAF25527D01006F833A /* Media */,
				FA3F8BAE25527CF7006F833A /* Helpers */,
				FA3F8BB825527D44006F833A /* ViewControllers */,
			);
			path = MyCar;
			sourceTree = "<group>";
		};
		FADBAB52257F49DE009415B9 /* System */ = {
			isa = PBXGroup;
			children = (
				FAD754EE25517BDA000CA1C6 /* AppDelegate.swift */,
				FAD754F025517BDA000CA1C6 /* SceneDelegate.swift */,
				FAD754F725517BDC000CA1C6 /* Assets.xcassets */,
				FAD754F925517BDC000CA1C6 /* LaunchScreen.storyboard */,
				FA3F8BC125527EA7006F833A /* GoogleService-Info.plist */,
				FA5B86DF256E38AF00FFEC14 /* CoreDataMyCar.xcdatamodeld */,
			);
			path = System;
			sourceTree = "<group>";
		};
		FADBAB7F257F4B84009415B9 /* StartUpViewControllers */ = {
			isa = PBXGroup;
			children = (
				FA3F8BBB25527D60006F833A /* StartUpViewController.swift */,
			);
			path = StartUpViewControllers;
			sourceTree = "<group>";
		};
		FADBAB80257F4BA2009415B9 /* LoginViewControllers */ = {
			isa = PBXGroup;
			children = (
				FA3F8BB925527D60006F833A /* LoginViewController.swift */,
			);
			path = LoginViewControllers;
			sourceTree = "<group>";
		};
		FADBAB81257F4BC4009415B9 /* SignUpViewControllers */ = {
			isa = PBXGroup;
			children = (
				FA3F8BBC25527D60006F833A /* SignUpViewController.swift */,
			);
			path = SignUpViewControllers;
			sourceTree = "<group>";
		};
		FADBAB83257F4C05009415B9 /* MainTabBarViewController+NavigationsControllers */ = {
			isa = PBXGroup;
			children = (
				FA3F8BBA25527D60006F833A /* RootTabBarController.swift */,
				FADBAB84257F4C5A009415B9 /* HomePageViewControllers */,
				FA08461E2588A6D30073E7AF /* CarWashViewControllers */,
				FADBAB85257F4C87009415B9 /* RefuelingViewControllers */,
			);
			path = "MainTabBarViewController+NavigationsControllers";
			sourceTree = "<group>";
		};
		FADBAB84257F4C5A009415B9 /* HomePageViewControllers */ = {
			isa = PBXGroup;
			children = (
				FA5B868E256CFEBD00FFEC14 /* HomeViewController.swift */,
				FAD26B8225701FF1004000FC /* ScrollViewViewController.swift */,
				FADBAB4D257E8B32009415B9 /* CollectionViewController.swift */,
			);
			path = HomePageViewControllers;
			sourceTree = "<group>";
		};
		FADBAB85257F4C87009415B9 /* RefuelingViewControllers */ = {
			isa = PBXGroup;
			children = (
				FA5B8698256D036500FFEC14 /* GasolineViewController.swift */,
				FA5FE1F1256FD81200DF1373 /* RefuelingViewController.swift */,
				FAF3FDA7257508D00085CC5D /* PetrolStationVisitListViewController.swift */,
			);
			path = RefuelingViewControllers;
			sourceTree = "<group>";
		};
		FADBABB6257F7C1B009415B9 /* Firebase */ = {
			isa = PBXGroup;
			children = (
				FADBABB7257F7C3B009415B9 /* FirebaseMethods.swift */,
			);
			path = Firebase;
			sourceTree = "<group>";
		};
		FADBABBC257FB03F009415B9 /* CoreDataMethods */ = {
			isa = PBXGroup;
			children = (
				FADBABBD257FB057009415B9 /* CoreDataMethods.swift */,
			);
			path = CoreDataMethods;
			sourceTree = "<group>";
		};
/* End PBXGroup section */

/* Begin PBXNativeTarget section */
		FAD754EA25517BDA000CA1C6 /* MyCar */ = {
			isa = PBXNativeTarget;
			buildConfigurationList = FAD754FF25517BDC000CA1C6 /* Build configuration list for PBXNativeTarget "MyCar" */;
			buildPhases = (
				BD735E7B726A4AFCCEED65FC /* [CP] Check Pods Manifest.lock */,
				FAD754E725517BDA000CA1C6 /* Sources */,
				FAD754E825517BDA000CA1C6 /* Frameworks */,
				FAD754E925517BDA000CA1C6 /* Resources */,
				1C4BFA210C740D4708D47512 /* [CP] Embed Pods Frameworks */,
				FA0845A72587DE1E0073E7AF /* ShellScript */,
			);
			buildRules = (
			);
			dependencies = (
			);
			name = MyCar;
			packageProductDependencies = (
				FA0846152587E4610073E7AF /* SnapKit */,
			);
			productName = MyCar;
			productReference = FAD754EB25517BDA000CA1C6 /* MyCar.app */;
			productType = "com.apple.product-type.application";
		};
/* End PBXNativeTarget section */

/* Begin PBXProject section */
		FAD754E325517BDA000CA1C6 /* Project object */ = {
			isa = PBXProject;
			attributes = {
				LastSwiftUpdateCheck = 1130;
				LastUpgradeCheck = 1130;
				ORGANIZATIONNAME = khartanovichao;
				TargetAttributes = {
					FAD754EA25517BDA000CA1C6 = {
						CreatedOnToolsVersion = 11.3.1;
					};
				};
			};
			buildConfigurationList = FAD754E625517BDA000CA1C6 /* Build configuration list for PBXProject "MyCar" */;
			compatibilityVersion = "Xcode 9.3";
			developmentRegion = en;
			hasScannedForEncodings = 0;
			knownRegions = (
				en,
				Base,
			);
			mainGroup = FAD754E225517BDA000CA1C6;
			packageReferences = (
				FA0846142587E4610073E7AF /* XCRemoteSwiftPackageReference "SnapKit" */,
			);
			productRefGroup = FAD754EC25517BDA000CA1C6 /* Products */;
			projectDirPath = "";
			projectRoot = "";
			targets = (
				FAD754EA25517BDA000CA1C6 /* MyCar */,
			);
		};
/* End PBXProject section */

/* Begin PBXResourcesBuildPhase section */
		FAD754E925517BDA000CA1C6 /* Resources */ = {
			isa = PBXResourcesBuildPhase;
			buildActionMask = 2147483647;
			files = (
				FA3F8BB525527D3A006F833A /* home.jpg in Resources */,
				FA08461C2588A6CC0073E7AF /* car-wash.png in Resources */,
				FAD26B8025701F30004000FC /* i.jpg in Resources */,
				FA3F8BB625527D3A006F833A /* loginWalper.jpg in Resources */,
				FA5FE1F5256FD89D00DF1373 /* Gas.jpg in Resources */,
				FA3F8BB725527D3A006F833A /* Preview.mp4 in Resources */,
				FAD754FB25517BDC000CA1C6 /* LaunchScreen.storyboard in Resources */,
				FAD754F825517BDC000CA1C6 /* Assets.xcassets in Resources */,
				FA3F8BC225527EA7006F833A /* GoogleService-Info.plist in Resources */,
				FA5B86B5256D316C00FFEC14 /* gasstation.jpg in Resources */,
				FAF3FDB62577B0F50085CC5D /* fuelIcon.png in Resources */,
				FAF3FDB32577B0E30085CC5D /* homeIcon.png in Resources */,
			);
			runOnlyForDeploymentPostprocessing = 0;
		};
/* End PBXResourcesBuildPhase section */

/* Begin PBXShellScriptBuildPhase section */
		1C4BFA210C740D4708D47512 /* [CP] Embed Pods Frameworks */ = {
			isa = PBXShellScriptBuildPhase;
			buildActionMask = 2147483647;
			files = (
			);
			inputFileListPaths = (
				"${PODS_ROOT}/Target Support Files/Pods-MyCar/Pods-MyCar-frameworks-${CONFIGURATION}-input-files.xcfilelist",
			);
			name = "[CP] Embed Pods Frameworks";
			outputFileListPaths = (
				"${PODS_ROOT}/Target Support Files/Pods-MyCar/Pods-MyCar-frameworks-${CONFIGURATION}-output-files.xcfilelist",
			);
			runOnlyForDeploymentPostprocessing = 0;
			shellPath = /bin/sh;
			shellScript = "\"${PODS_ROOT}/Target Support Files/Pods-MyCar/Pods-MyCar-frameworks.sh\"\n";
			showEnvVarsInLog = 0;
		};
		BD735E7B726A4AFCCEED65FC /* [CP] Check Pods Manifest.lock */ = {
			isa = PBXShellScriptBuildPhase;
			buildActionMask = 2147483647;
			files = (
			);
			inputFileListPaths = (
			);
			inputPaths = (
				"${PODS_PODFILE_DIR_PATH}/Podfile.lock",
				"${PODS_ROOT}/Manifest.lock",
			);
			name = "[CP] Check Pods Manifest.lock";
			outputFileListPaths = (
			);
			outputPaths = (
				"$(DERIVED_FILE_DIR)/Pods-MyCar-checkManifestLockResult.txt",
			);
			runOnlyForDeploymentPostprocessing = 0;
			shellPath = /bin/sh;
			shellScript = "diff \"${PODS_PODFILE_DIR_PATH}/Podfile.lock\" \"${PODS_ROOT}/Manifest.lock\" > /dev/null\nif [ $? != 0 ] ; then\n    # print error to STDERR\n    echo \"error: The sandbox is not in sync with the Podfile.lock. Run 'pod install' or update your CocoaPods installation.\" >&2\n    exit 1\nfi\n# This output is used by Xcode 'outputs' to avoid re-running this script phase.\necho \"SUCCESS\" > \"${SCRIPT_OUTPUT_FILE_0}\"\n";
			showEnvVarsInLog = 0;
		};
		FA0845A72587DE1E0073E7AF /* ShellScript */ = {
			isa = PBXShellScriptBuildPhase;
			buildActionMask = 2147483647;
			files = (
			);
			inputFileListPaths = (
			);
			inputPaths = (
			);
			outputFileListPaths = (
			);
			outputPaths = (
			);
			runOnlyForDeploymentPostprocessing = 0;
			shellPath = /bin/sh;
			shellScript = "# Type a script or drag a script file from your workspace to insert its path.\nif which swiftlint >/dev/null; then\n  swiftlint\nelse\n  echo \"warning: SwiftLint not installed, download from https://github.com/realm/SwiftLint\"\nfi\n";
		};
/* End PBXShellScriptBuildPhase section */

/* Begin PBXSourcesBuildPhase section */
		FAD754E725517BDA000CA1C6 /* Sources */ = {
			isa = PBXSourcesBuildPhase;
			buildActionMask = 2147483647;
			files = (
				FAD754EF25517BDA000CA1C6 /* AppDelegate.swift in Sources */,
				FADBABBE257FB057009415B9 /* CoreDataMethods.swift in Sources */,
				FA3F8BC025527D60006F833A /* SignUpViewController.swift in Sources */,
				FA5B8699256D036500FFEC14 /* GasolineViewController.swift in Sources */,
				FAD26B8325701FF1004000FC /* ScrollViewViewController.swift in Sources */,
				FADBAB8E257F72D8009415B9 /* CustomButton.swift in Sources */,
				FADBABDA2580C7B4009415B9 /* PaddingLabel.swift in Sources */,
				FA3F8BB125527D27006F833A /* Utilities.swift in Sources */,
				FA5B868F256CFEBD00FFEC14 /* HomeViewController.swift in Sources */,
				FA084619258887500073E7AF /* CustomGesture.swift in Sources */,
				FA5B86E1256E38AF00FFEC14 /* CoreDataMyCar.xcdatamodeld in Sources */,
				FA38FBCC25827B4A00749112 /* TestViewController.swift in Sources */,
				FADBAB8B257F5F78009415B9 /* Extensions.swift in Sources */,
				FAF3FDA8257508D00085CC5D /* PetrolStationVisitListViewController.swift in Sources */,
				FA3F8BBD25527D60006F833A /* LoginViewController.swift in Sources */,
				FADBABC2257FB918009415B9 /* CustomTextField.swift in Sources */,
				FADBAB4E257E8B32009415B9 /* CollectionViewController.swift in Sources */,
				FAD754F125517BDA000CA1C6 /* SceneDelegate.swift in Sources */,
				FA0846202588A7150073E7AF /* CarWashViewController.swift in Sources */,
				FADBABB8257F7C3B009415B9 /* FirebaseMethods.swift in Sources */,
				FA5FE1F2256FD81200DF1373 /* RefuelingViewController.swift in Sources */,
				FA5FE1EF256F812E00DF1373 /* CalculationAverageRefueling.swift in Sources */,
				FA5B86B9256D33C500FFEC14 /* DatePicker.swift in Sources */,
				FA3F8BBF25527D60006F833A /* StartUpViewController.swift in Sources */,
				FA6DF3B2256E7B420007A9AC /* PersonInfoClass.swift in Sources */,
				FA3F8BBE25527D60006F833A /* RootTabBarController.swift in Sources */,
			);
			runOnlyForDeploymentPostprocessing = 0;
		};
/* End PBXSourcesBuildPhase section */

/* Begin PBXVariantGroup section */
		FAD754F925517BDC000CA1C6 /* LaunchScreen.storyboard */ = {
			isa = PBXVariantGroup;
			children = (
				FAD754FA25517BDC000CA1C6 /* Base */,
			);
			name = LaunchScreen.storyboard;
			sourceTree = "<group>";
		};
/* End PBXVariantGroup section */

/* Begin XCBuildConfiguration section */
		FAD754FD25517BDC000CA1C6 /* Debug */ = {
			isa = XCBuildConfiguration;
			buildSettings = {
				ALWAYS_SEARCH_USER_PATHS = NO;
				CLANG_ANALYZER_NONNULL = YES;
				CLANG_ANALYZER_NUMBER_OBJECT_CONVERSION = YES_AGGRESSIVE;
				CLANG_CXX_LANGUAGE_STANDARD = "gnu++14";
				CLANG_CXX_LIBRARY = "libc++";
				CLANG_ENABLE_MODULES = YES;
				CLANG_ENABLE_OBJC_ARC = YES;
				CLANG_ENABLE_OBJC_WEAK = YES;
				CLANG_WARN_BLOCK_CAPTURE_AUTORELEASING = YES;
				CLANG_WARN_BOOL_CONVERSION = YES;
				CLANG_WARN_COMMA = YES;
				CLANG_WARN_CONSTANT_CONVERSION = YES;
				CLANG_WARN_DEPRECATED_OBJC_IMPLEMENTATIONS = YES;
				CLANG_WARN_DIRECT_OBJC_ISA_USAGE = YES_ERROR;
				CLANG_WARN_DOCUMENTATION_COMMENTS = YES;
				CLANG_WARN_EMPTY_BODY = YES;
				CLANG_WARN_ENUM_CONVERSION = YES;
				CLANG_WARN_INFINITE_RECURSION = YES;
				CLANG_WARN_INT_CONVERSION = YES;
				CLANG_WARN_NON_LITERAL_NULL_CONVERSION = YES;
				CLANG_WARN_OBJC_IMPLICIT_RETAIN_SELF = YES;
				CLANG_WARN_OBJC_LITERAL_CONVERSION = YES;
				CLANG_WARN_OBJC_ROOT_CLASS = YES_ERROR;
				CLANG_WARN_RANGE_LOOP_ANALYSIS = YES;
				CLANG_WARN_STRICT_PROTOTYPES = YES;
				CLANG_WARN_SUSPICIOUS_MOVE = YES;
				CLANG_WARN_UNGUARDED_AVAILABILITY = YES_AGGRESSIVE;
				CLANG_WARN_UNREACHABLE_CODE = YES;
				CLANG_WARN__DUPLICATE_METHOD_MATCH = YES;
				COPY_PHASE_STRIP = NO;
				DEBUG_INFORMATION_FORMAT = dwarf;
				ENABLE_STRICT_OBJC_MSGSEND = YES;
				ENABLE_TESTABILITY = YES;
				GCC_C_LANGUAGE_STANDARD = gnu11;
				GCC_DYNAMIC_NO_PIC = NO;
				GCC_NO_COMMON_BLOCKS = YES;
				GCC_OPTIMIZATION_LEVEL = 0;
				GCC_PREPROCESSOR_DEFINITIONS = (
					"DEBUG=1",
					"$(inherited)",
				);
				GCC_WARN_64_TO_32_BIT_CONVERSION = YES;
				GCC_WARN_ABOUT_RETURN_TYPE = YES_ERROR;
				GCC_WARN_UNDECLARED_SELECTOR = YES;
				GCC_WARN_UNINITIALIZED_AUTOS = YES_AGGRESSIVE;
				GCC_WARN_UNUSED_FUNCTION = YES;
				GCC_WARN_UNUSED_VARIABLE = YES;
				IPHONEOS_DEPLOYMENT_TARGET = 14.2;
				MTL_ENABLE_DEBUG_INFO = INCLUDE_SOURCE;
				MTL_FAST_MATH = YES;
				ONLY_ACTIVE_ARCH = YES;
				SDKROOT = iphoneos;
				SWIFT_ACTIVE_COMPILATION_CONDITIONS = DEBUG;
				SWIFT_OPTIMIZATION_LEVEL = "-Onone";
			};
			name = Debug;
		};
		FAD754FE25517BDC000CA1C6 /* Release */ = {
			isa = XCBuildConfiguration;
			buildSettings = {
				ALWAYS_SEARCH_USER_PATHS = NO;
				CLANG_ANALYZER_NONNULL = YES;
				CLANG_ANALYZER_NUMBER_OBJECT_CONVERSION = YES_AGGRESSIVE;
				CLANG_CXX_LANGUAGE_STANDARD = "gnu++14";
				CLANG_CXX_LIBRARY = "libc++";
				CLANG_ENABLE_MODULES = YES;
				CLANG_ENABLE_OBJC_ARC = YES;
				CLANG_ENABLE_OBJC_WEAK = YES;
				CLANG_WARN_BLOCK_CAPTURE_AUTORELEASING = YES;
				CLANG_WARN_BOOL_CONVERSION = YES;
				CLANG_WARN_COMMA = YES;
				CLANG_WARN_CONSTANT_CONVERSION = YES;
				CLANG_WARN_DEPRECATED_OBJC_IMPLEMENTATIONS = YES;
				CLANG_WARN_DIRECT_OBJC_ISA_USAGE = YES_ERROR;
				CLANG_WARN_DOCUMENTATION_COMMENTS = YES;
				CLANG_WARN_EMPTY_BODY = YES;
				CLANG_WARN_ENUM_CONVERSION = YES;
				CLANG_WARN_INFINITE_RECURSION = YES;
				CLANG_WARN_INT_CONVERSION = YES;
				CLANG_WARN_NON_LITERAL_NULL_CONVERSION = YES;
				CLANG_WARN_OBJC_IMPLICIT_RETAIN_SELF = YES;
				CLANG_WARN_OBJC_LITERAL_CONVERSION = YES;
				CLANG_WARN_OBJC_ROOT_CLASS = YES_ERROR;
				CLANG_WARN_RANGE_LOOP_ANALYSIS = YES;
				CLANG_WARN_STRICT_PROTOTYPES = YES;
				CLANG_WARN_SUSPICIOUS_MOVE = YES;
				CLANG_WARN_UNGUARDED_AVAILABILITY = YES_AGGRESSIVE;
				CLANG_WARN_UNREACHABLE_CODE = YES;
				CLANG_WARN__DUPLICATE_METHOD_MATCH = YES;
				COPY_PHASE_STRIP = NO;
				DEBUG_INFORMATION_FORMAT = "dwarf-with-dsym";
				ENABLE_NS_ASSERTIONS = NO;
				ENABLE_STRICT_OBJC_MSGSEND = YES;
				GCC_C_LANGUAGE_STANDARD = gnu11;
				GCC_NO_COMMON_BLOCKS = YES;
				GCC_WARN_64_TO_32_BIT_CONVERSION = YES;
				GCC_WARN_ABOUT_RETURN_TYPE = YES_ERROR;
				GCC_WARN_UNDECLARED_SELECTOR = YES;
				GCC_WARN_UNINITIALIZED_AUTOS = YES_AGGRESSIVE;
				GCC_WARN_UNUSED_FUNCTION = YES;
				GCC_WARN_UNUSED_VARIABLE = YES;
				IPHONEOS_DEPLOYMENT_TARGET = 14.2;
				MTL_ENABLE_DEBUG_INFO = NO;
				MTL_FAST_MATH = YES;
				SDKROOT = iphoneos;
				SWIFT_COMPILATION_MODE = wholemodule;
				SWIFT_OPTIMIZATION_LEVEL = "-O";
				VALIDATE_PRODUCT = YES;
			};
			name = Release;
		};
		FAD7550025517BDC000CA1C6 /* Debug */ = {
			isa = XCBuildConfiguration;
			baseConfigurationReference = 43929E32343741C30A68EBC9 /* Pods-MyCar.debug.xcconfig */;
			buildSettings = {
				ASSETCATALOG_COMPILER_APPICON_NAME = AppIcon;
				CODE_SIGN_STYLE = Automatic;
				DEVELOPMENT_TEAM = 57Y44375WP;
				INFOPLIST_FILE = MyCar/Info.plist;
				IPHONEOS_DEPLOYMENT_TARGET = 14.2;
				LD_RUNPATH_SEARCH_PATHS = (
					"$(inherited)",
					"@executable_path/Frameworks",
				);
				PRODUCT_BUNDLE_IDENTIFIER = com.khartanovichao.MyCar;
				PRODUCT_NAME = "$(TARGET_NAME)";
				SWIFT_VERSION = 5.0;
				TARGETED_DEVICE_FAMILY = "1,2";
			};
			name = Debug;
		};
		FAD7550125517BDC000CA1C6 /* Release */ = {
			isa = XCBuildConfiguration;
			baseConfigurationReference = F7291C5C057297DD63CF5CAA /* Pods-MyCar.release.xcconfig */;
			buildSettings = {
				ASSETCATALOG_COMPILER_APPICON_NAME = AppIcon;
				CODE_SIGN_STYLE = Automatic;
				DEVELOPMENT_TEAM = 57Y44375WP;
				INFOPLIST_FILE = MyCar/Info.plist;
				IPHONEOS_DEPLOYMENT_TARGET = 14.2;
				LD_RUNPATH_SEARCH_PATHS = (
					"$(inherited)",
					"@executable_path/Frameworks",
				);
				PRODUCT_BUNDLE_IDENTIFIER = com.khartanovichao.MyCar;
				PRODUCT_NAME = "$(TARGET_NAME)";
				SWIFT_VERSION = 5.0;
				TARGETED_DEVICE_FAMILY = "1,2";
			};
			name = Release;
		};
/* End XCBuildConfiguration section */

/* Begin XCConfigurationList section */
		FAD754E625517BDA000CA1C6 /* Build configuration list for PBXProject "MyCar" */ = {
			isa = XCConfigurationList;
			buildConfigurations = (
				FAD754FD25517BDC000CA1C6 /* Debug */,
				FAD754FE25517BDC000CA1C6 /* Release */,
			);
			defaultConfigurationIsVisible = 0;
			defaultConfigurationName = Release;
		};
		FAD754FF25517BDC000CA1C6 /* Build configuration list for PBXNativeTarget "MyCar" */ = {
			isa = XCConfigurationList;
			buildConfigurations = (
				FAD7550025517BDC000CA1C6 /* Debug */,
				FAD7550125517BDC000CA1C6 /* Release */,
			);
			defaultConfigurationIsVisible = 0;
			defaultConfigurationName = Release;
		};
/* End XCConfigurationList section */

/* Begin XCRemoteSwiftPackageReference section */
		FA0846142587E4610073E7AF /* XCRemoteSwiftPackageReference "SnapKit" */ = {
			isa = XCRemoteSwiftPackageReference;
			repositoryURL = "https://github.com/SnapKit/SnapKit.git";
			requirement = {
				kind = upToNextMajorVersion;
				minimumVersion = 5.0.1;
			};
		};
/* End XCRemoteSwiftPackageReference section */

/* Begin XCSwiftPackageProductDependency section */
		FA0846152587E4610073E7AF /* SnapKit */ = {
			isa = XCSwiftPackageProductDependency;
			package = FA0846142587E4610073E7AF /* XCRemoteSwiftPackageReference "SnapKit" */;
			productName = SnapKit;
		};
/* End XCSwiftPackageProductDependency section */

/* Begin XCVersionGroup section */
		FA5B86DF256E38AF00FFEC14 /* CoreDataMyCar.xcdatamodeld */ = {
			isa = XCVersionGroup;
			children = (
				FA5B86E0256E38AF00FFEC14 /* CoreDataMyCar.xcdatamodel */,
			);
			currentVersion = FA5B86E0256E38AF00FFEC14 /* CoreDataMyCar.xcdatamodel */;
			path = CoreDataMyCar.xcdatamodeld;
			sourceTree = "<group>";
			versionGroupType = wrapper.xcdatamodel;
		};
/* End XCVersionGroup section */
	};
	rootObject = FAD754E325517BDA000CA1C6 /* Project object */;
}
